
Microsoft Visual Studio Solution File, Format Version 12.00
# Visual Studio 15
VisualStudioVersion = 15.0.28010.2046
MinimumVisualStudioVersion = 10.0.40219.1
Project("{FAE04EC0-301F-11D3-BF4B-00C04F79EFBC}") = "GildedRose", "GildedRose\GildedRose.csproj", "{D7CC3880-E98D-4ECB-B134-E9E4CDE83770}"
EndProject
Project("{FAE04EC0-301F-11D3-BF4B-00C04F79EFBC}") = "GildedRose.Test", "..\GildedRose.Test\GildedRose.Test.csproj", "{CE95E774-8325-499A-8CCD-C40FB1491CFE}"
EndProject
Global
	GlobalSection(SolutionConfigurationPlatforms) = preSolution
		Debug|Any CPU = Debug|Any CPU
		Release|Any CPU = Release|Any CPU
	EndGlobalSection
	GlobalSection(ProjectConfigurationPlatforms) = postSolution
		{D7CC3880-E98D-4ECB-B134-E9E4CDE83770}.Debug|Any CPU.ActiveCfg = Debug|Any CPU
		{D7CC3880-E98D-4ECB-B134-E9E4CDE83770}.Debug|Any CPU.Build.0 = Debug|Any CPU
		{D7CC3880-E98D-4ECB-B134-E9E4CDE83770}.Release|Any CPU.ActiveCfg = Release|Any CPU
		{D7CC3880-E98D-4ECB-B134-E9E4CDE83770}.Release|Any CPU.Build.0 = Release|Any CPU
		{CE95E774-8325-499A-8CCD-C40FB1491CFE}.Debug|Any CPU.ActiveCfg = Debug|Any CPU
		{CE95E774-8325-499A-8CCD-C40FB1491CFE}.Debug|Any CPU.Build.0 = Debug|Any CPU
		{CE95E774-8325-499A-8CCD-C40FB1491CFE}.Release|Any CPU.ActiveCfg = Release|Any CPU
		{CE95E774-8325-499A-8CCD-C40FB1491CFE}.Release|Any CPU.Build.0 = Release|Any CPU
	EndGlobalSection
	GlobalSection(SolutionProperties) = preSolution
		HideSolutionNode = FALSE
	EndGlobalSection
	GlobalSection(ExtensibilityGlobals) = postSolution
		SolutionGuid = {3B05524F-9502-4BC8-8327-72520092F162}
	EndGlobalSection
EndGlobal
